lockfileVersion: '9.0'

settings:
  autoInstallPeers: true
  excludeLinksFromLockfile: false

importers:

  .:
    devDependencies:
      pkg-pr-new:
        specifier: ~0.0.71
        version: 0.0.71

packages:

  pkg-pr-new@0.0.71:
    resolution: {integrity: sha512-Ln7I7NaOXN6CjBLVrNqsWOo6mIaNW4chH4eCR2t4tnQSmYtyQiWCqlMG6bL2JYCT1MOiKEiDObnnzePGh0TNFQ==}
    hasBin: true

snapshots:

  pkg-pr-new@0.0.71: {}
